# THIS IS AN AUTOGENERATED FILE. DO NOT EDIT THIS FILE DIRECTLY.
# yarn lockfile v1


esbuild@^0.9.1:
  version "0.9.1"
  resolved "https://registry.yarnpkg.com/esbuild/-/esbuild-0.9.1.tgz#539b4741d5da95e4dd9d27cd5b290104d7d62f9b"
  integrity sha512-2A0lJxpkV9tvwz+tCD6Ww1bvbZKvH4zBz8G8Dx/MhLwmJ23p8XRIz44ObWt8dpDpZARzhiahacQ+b/V1GJbx0A==

preact@^10.5.12:
  version "10.5.12"
  resolved "https://registry.yarnpkg.com/preact/-/preact-10.5.12.tgz#6a8ee8bf40a695c505df9abebacd924e4dd37704"
  integrity sha512-r6siDkuD36oszwlCkcqDJCAKBQxGoeEGytw2DGMD5A/GGdu5Tymw+N2OBXwvOLxg6d1FeY8MgMV3cc5aVQo4Cg==
